
Microsoft Visual Studio Solution File, Format Version 12.00
# Visual Studio Version 17
VisualStudioVersion = 17.5.002.0
MinimumVisualStudioVersion = 10.0.40219.1
Project("{9A19103F-16F7-4668-BE54-9A1E7A4F7556}") = "pidrivers", "pidrivers.csproj", "{1467D0DA-CA15-4281-AB92-2103BE9006EA}"
EndProject
Global
	GlobalSection(SolutionConfigurationPlatforms) = preSolution
		Debug|Any CPU = Debug|Any CPU
		Release|Any CPU = Release|Any CPU
	EndGlobalSection
	GlobalSection(ProjectConfigurationPlatforms) = postSolution
		{1467D0DA-CA15-4281-AB92-2103BE9006EA}.Debug|Any CPU.ActiveCfg = Debug|Any CPU
		{1467D0DA-CA15-4281-AB92-2103BE9006EA}.Debug|Any CPU.Build.0 = Debug|Any CPU
		{1467D0DA-CA15-4281-AB92-2103BE9006EA}.Release|Any CPU.ActiveCfg = Release|Any CPU
		{1467D0DA-CA15-4281-AB92-2103BE9006EA}.Release|Any CPU.Build.0 = Release|Any CPU
	EndGlobalSection
	GlobalSection(SolutionProperties) = preSolution
		HideSolutionNode = FALSE
	EndGlobalSection
	GlobalSection(ExtensibilityGlobals) = postSolution
		SolutionGuid = {17D1258A-858F-4798-80A5-99C32686BE31}
	EndGlobalSection
EndGlobal
